
Microsoft Visual Studio Solution File, Format Version 12.00
# Visual Studio Version 17
VisualStudioVersion = 17.4.33205.214
MinimumVisualStudioVersion = 10.0.40219.1
Project("{FAE04EC0-301F-11D3-BF4B-00C04F79EFBC}") = "CompareChar", "CompareChar\CompareChar.csproj", "{1C88CD90-332B-48DB-A3CC-70F6C1DACDF2}"
EndProject
Project("{FAE04EC0-301F-11D3-BF4B-00C04F79EFBC}") = "GetJaccountCaptcha", "GetJaccountCaptcha\GetJaccountCaptcha.csproj", "{2A1ADB4D-9386-4E22-B288-5C652AE06845}"
EndProject
Project("{FAE04EC0-301F-11D3-BF4B-00C04F79EFBC}") = "SplitCaptchaBit", "SplitCaptchaBit\SplitCaptchaBit.csproj", "{8A22B255-C825-4EB1-8DB5-A3AB406C5948}"
EndProject
Global
	GlobalSection(SolutionConfigurationPlatforms) = preSolution
		Debug|Any CPU = Debug|Any CPU
		Release|Any CPU = Release|Any CPU
	EndGlobalSection
	GlobalSection(ProjectConfigurationPlatforms) = postSolution
		{1C88CD90-332B-48DB-A3CC-70F6C1DACDF2}.Debug|Any CPU.ActiveCfg = Debug|Any CPU
		{1C88CD90-332B-48DB-A3CC-70F6C1DACDF2}.Debug|Any CPU.Build.0 = Debug|Any CPU
		{1C88CD90-332B-48DB-A3CC-70F6C1DACDF2}.Release|Any CPU.ActiveCfg = Release|Any CPU
		{1C88CD90-332B-48DB-A3CC-70F6C1DACDF2}.Release|Any CPU.Build.0 = Release|Any CPU
		{2A1ADB4D-9386-4E22-B288-5C652AE06845}.Debug|Any CPU.ActiveCfg = Debug|Any CPU
		{2A1ADB4D-9386-4E22-B288-5C652AE06845}.Debug|Any CPU.Build.0 = Debug|Any CPU
		{2A1ADB4D-9386-4E22-B288-5C652AE06845}.Release|Any CPU.ActiveCfg = Release|Any CPU
		{2A1ADB4D-9386-4E22-B288-5C652AE06845}.Release|Any CPU.Build.0 = Release|Any CPU
		{8A22B255-C825-4EB1-8DB5-A3AB406C5948}.Debug|Any CPU.ActiveCfg = Debug|Any CPU
		{8A22B255-C825-4EB1-8DB5-A3AB406C5948}.Debug|Any CPU.Build.0 = Debug|Any CPU
		{8A22B255-C825-4EB1-8DB5-A3AB406C5948}.Release|Any CPU.ActiveCfg = Release|Any CPU
		{8A22B255-C825-4EB1-8DB5-A3AB406C5948}.Release|Any CPU.Build.0 = Release|Any CPU
	EndGlobalSection
	GlobalSection(SolutionProperties) = preSolution
		HideSolutionNode = FALSE
	EndGlobalSection
	GlobalSection(ExtensibilityGlobals) = postSolution
		SolutionGuid = {1E5E3E5F-CD95-407F-BCF5-27C905A65036}
	EndGlobalSection
EndGlobal
